
Microsoft Visual Studio Solution File, Format Version 12.00
# Visual Studio Version 16
VisualStudioVersion = 16.0.30804.86
MinimumVisualStudioVersion = 10.0.40219.1
Project("{FAE04EC0-301F-11D3-BF4B-00C04F79EFBC}") = "LastBattleShipGame", "LastBattleShipGame\LastBattleShipGame.csproj", "{326B265B-0B9D-4D0C-BFC3-360F84D73F03}"
EndProject
Global
	GlobalSection(SolutionConfigurationPlatforms) = preSolution
		Debug|Any CPU = Debug|Any CPU
		Release|Any CPU = Release|Any CPU
	EndGlobalSection
	GlobalSection(ProjectConfigurationPlatforms) = postSolution
		{326B265B-0B9D-4D0C-BFC3-360F84D73F03}.Debug|Any CPU.ActiveCfg = Debug|Any CPU
		{326B265B-0B9D-4D0C-BFC3-360F84D73F03}.Debug|Any CPU.Build.0 = Debug|Any CPU
		{326B265B-0B9D-4D0C-BFC3-360F84D73F03}.Release|Any CPU.ActiveCfg = Release|Any CPU
		{326B265B-0B9D-4D0C-BFC3-360F84D73F03}.Release|Any CPU.Build.0 = Release|Any CPU
	EndGlobalSection
	GlobalSection(SolutionProperties) = preSolution
		HideSolutionNode = FALSE
	EndGlobalSection
	GlobalSection(ExtensibilityGlobals) = postSolution
		SolutionGuid = {6D183AF4-F000-4E91-86F2-EFEB9E62E124}
	EndGlobalSection
EndGlobal
